
Microsoft Visual Studio Solution File, Format Version 12.00
# Visual Studio 15
VisualStudioVersion = 15.0.28010.2046
MinimumVisualStudioVersion = 10.0.40219.1
Project("{FAE04EC0-301F-11D3-BF4B-00C04F79EFBC}") = "MoviesWorldCupSite", "MoviesWorldCupSite\MoviesWorldCupSite.csproj", "{F4FAF546-2664-4452-A34D-5D7E88CD1265}"
EndProject
Project("{FAE04EC0-301F-11D3-BF4B-00C04F79EFBC}") = "MoviesWorldCup.Domain", "MoviesWorldCup.Domain\MoviesWorldCup.Domain.csproj", "{322A6760-B562-4360-B848-05866142D6F7}"
EndProject
Project("{FAE04EC0-301F-11D3-BF4B-00C04F79EFBC}") = "MoviesWorldCup.Repository", "MoviesWorldCup.Repository\MoviesWorldCup.Repository.csproj", "{5669C239-4EF9-4877-B6C5-6AB68B17F318}"
EndProject
Project("{FAE04EC0-301F-11D3-BF4B-00C04F79EFBC}") = "MoviesWorldCup.Application", "MoviesWorldCup.Application\MoviesWorldCup.Application.csproj", "{C9E4C487-8509-4567-B403-94A39D3360A4}"
EndProject
Project("{FAE04EC0-301F-11D3-BF4B-00C04F79EFBC}") = "MoviesWorldCup.UnitTest", "MoviesWorldCup.UnitTest\MoviesWorldCup.UnitTest.csproj", "{3A8FEC00-08D2-4CE1-B249-633B09052F3D}"
EndProject
Global
	GlobalSection(SolutionConfigurationPlatforms) = preSolution
		Debug|Any CPU = Debug|Any CPU
		Release|Any CPU = Release|Any CPU
	EndGlobalSection
	GlobalSection(ProjectConfigurationPlatforms) = postSolution
		{F4FAF546-2664-4452-A34D-5D7E88CD1265}.Debug|Any CPU.ActiveCfg = Debug|Any CPU
		{F4FAF546-2664-4452-A34D-5D7E88CD1265}.Debug|Any CPU.Build.0 = Debug|Any CPU
		{F4FAF546-2664-4452-A34D-5D7E88CD1265}.Release|Any CPU.ActiveCfg = Release|Any CPU
		{F4FAF546-2664-4452-A34D-5D7E88CD1265}.Release|Any CPU.Build.0 = Release|Any CPU
		{322A6760-B562-4360-B848-05866142D6F7}.Debug|Any CPU.ActiveCfg = Debug|Any CPU
		{322A6760-B562-4360-B848-05866142D6F7}.Debug|Any CPU.Build.0 = Debug|Any CPU
		{322A6760-B562-4360-B848-05866142D6F7}.Release|Any CPU.ActiveCfg = Release|Any CPU
		{322A6760-B562-4360-B848-05866142D6F7}.Release|Any CPU.Build.0 = Release|Any CPU
		{5669C239-4EF9-4877-B6C5-6AB68B17F318}.Debug|Any CPU.ActiveCfg = Debug|Any CPU
		{5669C239-4EF9-4877-B6C5-6AB68B17F318}.Debug|Any CPU.Build.0 = Debug|Any CPU
		{5669C239-4EF9-4877-B6C5-6AB68B17F318}.Release|Any CPU.ActiveCfg = Release|Any CPU
		{5669C239-4EF9-4877-B6C5-6AB68B17F318}.Release|Any CPU.Build.0 = Release|Any CPU
		{C9E4C487-8509-4567-B403-94A39D3360A4}.Debug|Any CPU.ActiveCfg = Debug|Any CPU
		{C9E4C487-8509-4567-B403-94A39D3360A4}.Debug|Any CPU.Build.0 = Debug|Any CPU
		{C9E4C487-8509-4567-B403-94A39D3360A4}.Release|Any CPU.ActiveCfg = Release|Any CPU
		{C9E4C487-8509-4567-B403-94A39D3360A4}.Release|Any CPU.Build.0 = Release|Any CPU
		{3A8FEC00-08D2-4CE1-B249-633B09052F3D}.Debug|Any CPU.ActiveCfg = Debug|Any CPU
		{3A8FEC00-08D2-4CE1-B249-633B09052F3D}.Debug|Any CPU.Build.0 = Debug|Any CPU
		{3A8FEC00-08D2-4CE1-B249-633B09052F3D}.Release|Any CPU.ActiveCfg = Release|Any CPU
		{3A8FEC00-08D2-4CE1-B249-633B09052F3D}.Release|Any CPU.Build.0 = Release|Any CPU
	EndGlobalSection
	GlobalSection(SolutionProperties) = preSolution
		HideSolutionNode = FALSE
	EndGlobalSection
	GlobalSection(ExtensibilityGlobals) = postSolution
		SolutionGuid = {83E62135-3A21-41DB-9091-3CF7FF76054E}
	EndGlobalSection
EndGlobal
